
Microsoft Visual Studio Solution File, Format Version 12.00
# Visual Studio Version 16
VisualStudioVersion = 16.0.30611.23
MinimumVisualStudioVersion = 10.0.40219.1
Project("{FAE04EC0-301F-11D3-BF4B-00C04F79EFBC}") = "MapConnection", "MapConnection.csproj", "{7DCBE264-B9C3-43BB-AE30-A3606A757389}"
EndProject
Global
	GlobalSection(SolutionConfigurationPlatforms) = preSolution
		Debug|Any CPU = Debug|Any CPU
		Release|Any CPU = Release|Any CPU
	EndGlobalSection
	GlobalSection(ProjectConfigurationPlatforms) = postSolution
		{7DCBE264-B9C3-43BB-AE30-A3606A757389}.Debug|Any CPU.ActiveCfg = Debug|Any CPU
		{7DCBE264-B9C3-43BB-AE30-A3606A757389}.Debug|Any CPU.Build.0 = Debug|Any CPU
		{7DCBE264-B9C3-43BB-AE30-A3606A757389}.Release|Any CPU.ActiveCfg = Release|Any CPU
		{7DCBE264-B9C3-43BB-AE30-A3606A757389}.Release|Any CPU.Build.0 = Release|Any CPU
	EndGlobalSection
	GlobalSection(SolutionProperties) = preSolution
		HideSolutionNode = FALSE
	EndGlobalSection
	GlobalSection(ExtensibilityGlobals) = postSolution
		SolutionGuid = {1CEFD0EC-76CB-42CE-AC66-20454E45518D}
	EndGlobalSection
EndGlobal
